<?xml version="1.0" encoding="utf-8"?>
<Project ToolsVersion="4.0" xmlns="http://schemas.microsoft.com/developer/msbuild/2003">
  <ItemGroup>
    <Filter Include="Source Files">
      <UniqueIdentifier>{4FC737F1-C7A5-4376-A066-2A32D752A2FF}</UniqueIdentifier>
      <Extensions>cpp;c;cc;cxx;def;odl;idl;hpj;bat;asm;asmx</Extensions>
    </Filter>
    <Filter Include="Header Files">
      <UniqueIdentifier>{93995380-89BD-4b04-88EB-625FBE52EBFB}</UniqueIdentifier>
      <Extensions>h;hh;hpp;hxx;hm;inl;inc;xsd</Extensions>
    </Filter>
    <Filter Include="Resource Files">
      <UniqueIdentifier>{67DA6AB6-F800-4c08-8B7A-83BB121AAD01}</UniqueIdentifier>
      <Extensions>rc;ico;cur;bmp;dlg;rc2;rct;bin;rgs;gif;jpg;jpeg;jpe;resx;tiff;tif;png;wav;mfcribbon-ms</Extensions>
    </Filter>
    <Filter Include="Header Files\Enignetc Headers">
      <UniqueIdentifier>{92dc16f2-a926-4514-bef9-942959a12d61}</UniqueIdentifier>
    </Filter>
    <Filter Include="Source Files\Enignetc Source">
      <UniqueIdentifier>{8843cc9d-178f-4860-9a0e-3a6669761f29}</UniqueIdentifier>
    </Filter>
  </ItemGroup>
  <ItemGroup>
    <ClCompile Include="main.cpp">
      <Filter>Source Files</Filter>
    </ClCompile>
    <ClCompile Include="VBOList.cpp">
      <Filter>Source Files\Enignetc Source</Filter>
    </ClCompile>
    <ClCompile Include="EnigVBO.cpp">
      <Filter>Source Files\Enignetc Source</Filter>
    </ClCompile>
    <ClCompile Include="EnigWindow.cpp">
      <Filter>Source Files\Enignetc Source</Filter>
    </ClCompile>
    <ClCompile Include="EnigVAO.cpp">
      <Filter>Source Files\Enignetc Source</Filter>
    </ClCompile>
    <ClCompile Include="EnigUtils.cpp">
      <Filter>Source Files\Enignetc Source</Filter>
    </ClCompile>
    <ClCompile Include="EnigHandler.cpp">
      <Filter>Source Files\Enignetc Source</Filter>
    </ClCompile>
    <ClCompile Include="MainHandler.cpp">
      <Filter>Source Files</Filter>
    </ClCompile>
  </ItemGroup>
  <ItemGroup>
    <ClInclude Include="EnigHandler.h">
      <Filter>Header Files\Enignetc Headers</Filter>
    </ClInclude>
    <ClInclude Include="EnigUtils.h">
      <Filter>Header Files\Enignetc Headers</Filter>
    </ClInclude>
    <ClInclude Include="EnigVAO.h">
      <Filter>Header Files\Enignetc Headers</Filter>
    </ClInclude>
    <ClInclude Include="EnigVBO.h">
      <Filter>Header Files\Enignetc Headers</Filter>
    </ClInclude>
    <ClInclude Include="EnigWindow.h">
      <Filter>Header Files\Enignetc Headers</Filter>
    </ClInclude>
    <ClInclude Include="VBOList.h">
      <Filter>Header Files\Enignetc Headers</Filter>
    </ClInclude>
    <ClInclude Include="MainHandler.h">
      <Filter>Header Files</Filter>
    </ClInclude>
  </ItemGroup>
</Project>